
Microsoft Visual Studio Solution File, Format Version 12.00
# Visual Studio 15
VisualStudioVersion = 15.0.27130.2010
MinimumVisualStudioVersion = 10.0.40219.1
Project("{FAE04EC0-301F-11D3-BF4B-00C04F79EFBC}") = "MultilayerNetworks", "MultilayerNetworks\MultilayerNetworks.csproj", "{8A49A953-519B-454B-B3A3-156C6AA15D15}"
EndProject
Project("{FAE04EC0-301F-11D3-BF4B-00C04F79EFBC}") = "GUI", "GUI\GUI.csproj", "{666C632E-16BB-490D-93B3-442C7099118D}"
EndProject
Global
	GlobalSection(SolutionConfigurationPlatforms) = preSolution
		Debug|Any CPU = Debug|Any CPU
		Debug|x64 = Debug|x64
		Release|Any CPU = Release|Any CPU
		Release|x64 = Release|x64
	EndGlobalSection
	GlobalSection(ProjectConfigurationPlatforms) = postSolution
		{8A49A953-519B-454B-B3A3-156C6AA15D15}.Debug|Any CPU.ActiveCfg = Debug|Any CPU
		{8A49A953-519B-454B-B3A3-156C6AA15D15}.Debug|Any CPU.Build.0 = Debug|Any CPU
		{8A49A953-519B-454B-B3A3-156C6AA15D15}.Debug|x64.ActiveCfg = Debug|x64
		{8A49A953-519B-454B-B3A3-156C6AA15D15}.Debug|x64.Build.0 = Debug|x64
		{8A49A953-519B-454B-B3A3-156C6AA15D15}.Release|Any CPU.ActiveCfg = Release|Any CPU
		{8A49A953-519B-454B-B3A3-156C6AA15D15}.Release|Any CPU.Build.0 = Release|Any CPU
		{8A49A953-519B-454B-B3A3-156C6AA15D15}.Release|x64.ActiveCfg = Release|x64
		{8A49A953-519B-454B-B3A3-156C6AA15D15}.Release|x64.Build.0 = Release|x64
		{666C632E-16BB-490D-93B3-442C7099118D}.Debug|Any CPU.ActiveCfg = Debug|Any CPU
		{666C632E-16BB-490D-93B3-442C7099118D}.Debug|Any CPU.Build.0 = Debug|Any CPU
		{666C632E-16BB-490D-93B3-442C7099118D}.Debug|x64.ActiveCfg = Debug|Any CPU
		{666C632E-16BB-490D-93B3-442C7099118D}.Debug|x64.Build.0 = Debug|Any CPU
		{666C632E-16BB-490D-93B3-442C7099118D}.Release|Any CPU.ActiveCfg = Release|Any CPU
		{666C632E-16BB-490D-93B3-442C7099118D}.Release|Any CPU.Build.0 = Release|Any CPU
		{666C632E-16BB-490D-93B3-442C7099118D}.Release|x64.ActiveCfg = Release|Any CPU
		{666C632E-16BB-490D-93B3-442C7099118D}.Release|x64.Build.0 = Release|Any CPU
	EndGlobalSection
	GlobalSection(SolutionProperties) = preSolution
		HideSolutionNode = FALSE
	EndGlobalSection
	GlobalSection(ExtensibilityGlobals) = postSolution
		SolutionGuid = {7930A0FA-2AB4-479A-8FE4-7B114C40DAA4}
	EndGlobalSection
EndGlobal
